{
  "name": "lotto",
  "lockfileVersion": 2,
  "requires": true,
  "packages": {
    "": {
      "dependencies": {
        "@splidejs/splide": "^3.6.11"
      }
    },
    "node_modules/@splidejs/splide": {
      "version": "3.6.11",
      "resolved": "https://registry.npmjs.org/@splidejs/splide/-/splide-3.6.11.tgz",
      "integrity": "sha512-F7zlbyiBVOhOf7TNZb/pHk32GZHkFcwL7UxvgqBVq705mMI7x09kBroec5b4dcR/K7WYjZSsOImLYwDbrwv8jw=="
    }
  },
  "dependencies": {
    "@splidejs/splide": {
      "version": "3.6.11",
      "resolved": "https://registry.npmjs.org/@splidejs/splide/-/splide-3.6.11.tgz",
      "integrity": "sha512-F7zlbyiBVOhOf7TNZb/pHk32GZHkFcwL7UxvgqBVq705mMI7x09kBroec5b4dcR/K7WYjZSsOImLYwDbrwv8jw=="
    }
  }
}
